// !$*UTF8*$!
{
	archiveVersion = 1;
	classes = {
	};
	objectVersion = 50;
	objects = {

/* Begin PBXBuildFile section */
		6C9423DD265418DB001C6B9B /* AppDelegate.swift in Sources */ = {isa = PBXBuildFile; fileRef = 6C9423DC265418DB001C6B9B /* AppDelegate.swift */; };
		6C9423DF265418DB001C6B9B /* SceneDelegate.swift in Sources */ = {isa = PBXBuildFile; fileRef = 6C9423DE265418DB001C6B9B /* SceneDelegate.swift */; };
		6C9423E1265418DB001C6B9B /* ViewController.swift in Sources */ = {isa = PBXBuildFile; fileRef = 6C9423E0265418DB001C6B9B /* ViewController.swift */; };
		6C9423E4265418DB001C6B9B /* Main.storyboard in Resources */ = {isa = PBXBuildFile; fileRef = 6C9423E2265418DB001C6B9B /* Main.storyboard */; };
		6C9423E6265418E1001C6B9B /* Assets.xcassets in Resources */ = {isa = PBXBuildFile; fileRef = 6C9423E5265418E1001C6B9B /* Assets.xcassets */; };
		6C9423E9265418E1001C6B9B /* LaunchScreen.storyboard in Resources */ = {isa = PBXBuildFile; fileRef = 6C9423E7265418E1001C6B9B /* LaunchScreen.storyboard */; };
		6C9423F4265418E2001C6B9B /* Module9_HWTests.swift in Sources */ = {isa = PBXBuildFile; fileRef = 6C9423F3265418E2001C6B9B /* Module9_HWTests.swift */; };
		6C9423FF265418E2001C6B9B /* Module9_HWUITests.swift in Sources */ = {isa = PBXBuildFile; fileRef = 6C9423FE265418E2001C6B9B /* Module9_HWUITests.swift */; };
		6C94240D26541F53001C6B9B /* ForTextViewController.swift in Sources */ = {isa = PBXBuildFile; fileRef = 6C94240C26541F53001C6B9B /* ForTextViewController.swift */; };
/* End PBXBuildFile section */

/* Begin PBXContainerItemProxy section */
		6C9423F0265418E2001C6B9B /* PBXContainerItemProxy */ = {
			isa = PBXContainerItemProxy;
			containerPortal = 6C9423D1265418DB001C6B9B /* Project object */;
			proxyType = 1;
			remoteGlobalIDString = 6C9423D8265418DB001C6B9B;
			remoteInfo = "Module9-HW";
		};
		6C9423FB265418E2001C6B9B /* PBXContainerItemProxy */ = {
			isa = PBXContainerItemProxy;
			containerPortal = 6C9423D1265418DB001C6B9B /* Project object */;
			proxyType = 1;
			remoteGlobalIDString = 6C9423D8265418DB001C6B9B;
			remoteInfo = "Module9-HW";
		};
/* End PBXContainerItemProxy section */

/* Begin PBXFileReference section */
		6C9423D9265418DB001C6B9B /* Module9-HW.app */ = {isa = PBXFileReference; explicitFileType = wrapper.application; includeInIndex = 0; path = "Module9-HW.app"; sourceTree = BUILT_PRODUCTS_DIR; };
		6C9423DC265418DB001C6B9B /* AppDelegate.swift */ = {isa = PBXFileReference; lastKnownFileType = sourcecode.swift; path = AppDelegate.swift; sourceTree = "<group>"; };
		6C9423DE265418DB001C6B9B /* SceneDelegate.swift */ = {isa = PBXFileReference; lastKnownFileType = sourcecode.swift; path = SceneDelegate.swift; sourceTree = "<group>"; };
		6C9423E0265418DB001C6B9B /* ViewController.swift */ = {isa = PBXFileReference; lastKnownFileType = sourcecode.swift; path = ViewController.swift; sourceTree = "<group>"; };
		6C9423E3265418DB001C6B9B /* Base */ = {isa = PBXFileReference; lastKnownFileType = file.storyboard; name = Base; path = Base.lproj/Main.storyboard; sourceTree = "<group>"; };
		6C9423E5265418E1001C6B9B /* Assets.xcassets */ = {isa = PBXFileReference; lastKnownFileType = folder.assetcatalog; path = Assets.xcassets; sourceTree = "<group>"; };
		6C9423E8265418E1001C6B9B /* Base */ = {isa = PBXFileReference; lastKnownFileType = file.storyboard; name = Base; path = Base.lproj/LaunchScreen.storyboard; sourceTree = "<group>"; };
		6C9423EA265418E1001C6B9B /* Info.plist */ = {isa = PBXFileReference; lastKnownFileType = text.plist.xml; path = Info.plist; sourceTree = "<group>"; };
		6C9423EF265418E2001C6B9B /* Module9-HWTests.xctest */ = {isa = PBXFileReference; explicitFileType = wrapper.cfbundle; includeInIndex = 0; path = "Module9-HWTests.xctest"; sourceTree = BUILT_PRODUCTS_DIR; };
		6C9423F3265418E2001C6B9B /* Module9_HWTests.swift */ = {isa = PBXFileReference; lastKnownFileType = sourcecode.swift; path = Module9_HWTests.swift; sourceTree = "<group>"; };
		6C9423F5265418E2001C6B9B /* Info.plist */ = {isa = PBXFileReference; lastKnownFileType = text.plist.xml; path = Info.plist; sourceTree = "<group>"; };
		6C9423FA265418E2001C6B9B /* Module9-HWUITests.xctest */ = {isa = PBXFileReference; explicitFileType = wrapper.cfbundle; includeInIndex = 0; path = "Module9-HWUITests.xctest"; sourceTree = BUILT_PRODUCTS_DIR; };
		6C9423FE265418E2001C6B9B /* Module9_HWUITests.swift */ = {isa = PBXFileReference; lastKnownFileType = sourcecode.swift; path = Module9_HWUITests.swift; sourceTree = "<group>"; };
		6C942400265418E2001C6B9B /* Info.plist */ = {isa = PBXFileReference; lastKnownFileType = text.plist.xml; path = Info.plist; sourceTree = "<group>"; };
		6C94240C26541F53001C6B9B /* ForTextViewController.swift */ = {isa = PBXFileReference; lastKnownFileType = sourcecode.swift; path = ForTextViewController.swift; sourceTree = "<group>"; };
/* End PBXFileReference section */

/* Begin PBXFrameworksBuildPhase section */
		6C9423D6265418DB001C6B9B /* Frameworks */ = {
			isa = PBXFrameworksBuildPhase;
			buildActionMask = 2147483647;
			files = (
			);
			runOnlyForDeploymentPostprocessing = 0;
		};
		6C9423EC265418E2001C6B9B /* Frameworks */ = {
			isa = PBXFrameworksBuildPhase;
			buildActionMask = 2147483647;
			files = (
			);
			runOnlyForDeploymentPostprocessing = 0;
		};
		6C9423F7265418E2001C6B9B /* Frameworks */ = {
			isa = PBXFrameworksBuildPhase;
			buildActionMask = 2147483647;
			files = (
			);
			runOnlyForDeploymentPostprocessing = 0;
		};
/* End PBXFrameworksBuildPhase section */

/* Begin PBXGroup section */
		6C9423D0265418DB001C6B9B = {
			isa = PBXGroup;
			children = (
				6C9423DB265418DB001C6B9B /* Module9-HW */,
				6C9423F2265418E2001C6B9B /* Module9-HWTests */,
				6C9423FD265418E2001C6B9B /* Module9-HWUITests */,
				6C9423DA265418DB001C6B9B /* Products */,
			);
			sourceTree = "<group>";
		};
		6C9423DA265418DB001C6B9B /* Products */ = {
			isa = PBXGroup;
			children = (
				6C9423D9265418DB001C6B9B /* Module9-HW.app */,
				6C9423EF265418E2001C6B9B /* Module9-HWTests.xctest */,
				6C9423FA265418E2001C6B9B /* Module9-HWUITests.xctest */,
			);
			name = Products;
			sourceTree = "<group>";
		};
		6C9423DB265418DB001C6B9B /* Module9-HW */ = {
			isa = PBXGroup;
			children = (
				6C9423DC265418DB001C6B9B /* AppDelegate.swift */,
				6C9423DE265418DB001C6B9B /* SceneDelegate.swift */,
				6C9423E0265418DB001C6B9B /* ViewController.swift */,
				6C9423E2265418DB001C6B9B /* Main.storyboard */,
				6C94240C26541F53001C6B9B /* ForTextViewController.swift */,
				6C9423E5265418E1001C6B9B /* Assets.xcassets */,
				6C9423E7265418E1001C6B9B /* LaunchScreen.storyboard */,
				6C9423EA265418E1001C6B9B /* Info.plist */,
			);
			path = "Module9-HW";
			sourceTree = "<group>";
		};
		6C9423F2265418E2001C6B9B /* Module9-HWTests */ = {
			isa = PBXGroup;
			children = (
				6C9423F3265418E2001C6B9B /* Module9_HWTests.swift */,
				6C9423F5265418E2001C6B9B /* Info.plist */,
			);
			path = "Module9-HWTests";
			sourceTree = "<group>";
		};
		6C9423FD265418E2001C6B9B /* Module9-HWUITests */ = {
			isa = PBXGroup;
			children = (
				6C9423FE265418E2001C6B9B /* Module9_HWUITests.swift */,
				6C942400265418E2001C6B9B /* Info.plist */,
			);
			path = "Module9-HWUITests";
			sourceTree = "<group>";
		};
/* End PBXGroup section */

/* Begin PBXNativeTarget section */
		6C9423D8265418DB001C6B9B /* Module9-HW */ = {
			isa = PBXNativeTarget;
			buildConfigurationList = 6C942403265418E2001C6B9B /* Build configuration list for PBXNativeTarget "Module9-HW" */;
			buildPhases = (
				6C9423D5265418DB001C6B9B /* Sources */,
				6C9423D6265418DB001C6B9B /* Frameworks */,
				6C9423D7265418DB001C6B9B /* Resources */,
			);
			buildRules = (
			);
			dependencies = (
			);
			name = "Module9-HW";
			productName = "Module9-HW";
			productReference = 6C9423D9265418DB001C6B9B /* Module9-HW.app */;
			productType = "com.apple.product-type.application";
		};
		6C9423EE265418E2001C6B9B /* Module9-HWTests */ = {
			isa = PBXNativeTarget;
			buildConfigurationList = 6C942406265418E2001C6B9B /* Build configuration list for PBXNativeTarget "Module9-HWTests" */;
			buildPhases = (
				6C9423EB265418E2001C6B9B /* Sources */,
				6C9423EC265418E2001C6B9B /* Frameworks */,
				6C9423ED265418E2001C6B9B /* Resources */,
			);
			buildRules = (
			);
			dependencies = (
				6C9423F1265418E2001C6B9B /* PBXTargetDependency */,
			);
			name = "Module9-HWTests";
			productName = "Module9-HWTests";
			productReference = 6C9423EF265418E2001C6B9B /* Module9-HWTests.xctest */;
			productType = "com.apple.product-type.bundle.unit-test";
		};
		6C9423F9265418E2001C6B9B /* Module9-HWUITests */ = {
			isa = PBXNativeTarget;
			buildConfigurationList = 6C942409265418E2001C6B9B /* Build configuration list for PBXNativeTarget "Module9-HWUITests" */;
			buildPhases = (
				6C9423F6265418E2001C6B9B /* Sources */,
				6C9423F7265418E2001C6B9B /* Frameworks */,
				6C9423F8265418E2001C6B9B /* Resources */,
			);
			buildRules = (
			);
			dependencies = (
				6C9423FC265418E2001C6B9B /* PBXTargetDependency */,
			);
			name = "Module9-HWUITests";
			productName = "Module9-HWUITests";
			productReference = 6C9423FA265418E2001C6B9B /* Module9-HWUITests.xctest */;
			productType = "com.apple.product-type.bundle.ui-testing";
		};
/* End PBXNativeTarget section */

/* Begin PBXProject section */
		6C9423D1265418DB001C6B9B /* Project object */ = {
			isa = PBXProject;
			attributes = {
				LastSwiftUpdateCheck = 1250;
				LastUpgradeCheck = 1250;
				TargetAttributes = {
					6C9423D8265418DB001C6B9B = {
						CreatedOnToolsVersion = 12.5;
					};
					6C9423EE265418E2001C6B9B = {
						CreatedOnToolsVersion = 12.5;
						TestTargetID = 6C9423D8265418DB001C6B9B;
					};
					6C9423F9265418E2001C6B9B = {
						CreatedOnToolsVersion = 12.5;
						TestTargetID = 6C9423D8265418DB001C6B9B;
					};
				};
			};
			buildConfigurationList = 6C9423D4265418DB001C6B9B /* Build configuration list for PBXProject "Module9-HW" */;
			compatibilityVersion = "Xcode 9.3";
			developmentRegion = en;
			hasScannedForEncodings = 0;
			knownRegions = (
				en,
				Base,
			);
			mainGroup = 6C9423D0265418DB001C6B9B;
			productRefGroup = 6C9423DA265418DB001C6B9B /* Products */;
			projectDirPath = "";
			projectRoot = "";
			targets = (
				6C9423D8265418DB001C6B9B /* Module9-HW */,
				6C9423EE265418E2001C6B9B /* Module9-HWTests */,
				6C9423F9265418E2001C6B9B /* Module9-HWUITests */,
			);
		};
/* End PBXProject section */

/* Begin PBXResourcesBuildPhase section */
		6C9423D7265418DB001C6B9B /* Resources */ = {
			isa = PBXResourcesBuildPhase;
			buildActionMask = 2147483647;
			files = (
				6C9423E9265418E1001C6B9B /* LaunchScreen.storyboard in Resources */,
				6C9423E6265418E1001C6B9B /* Assets.xcassets in Resources */,
				6C9423E4265418DB001C6B9B /* Main.storyboard in Resources */,
			);
			runOnlyForDeploymentPostprocessing = 0;
		};
		6C9423ED265418E2001C6B9B /* Resources */ = {
			isa = PBXResourcesBuildPhase;
			buildActionMask = 2147483647;
			files = (
			);
			runOnlyForDeploymentPostprocessing = 0;
		};
		6C9423F8265418E2001C6B9B /* Resources */ = {
			isa = PBXResourcesBuildPhase;
			buildActionMask = 2147483647;
			files = (
			);
			runOnlyForDeploymentPostprocessing = 0;
		};
/* End PBXResourcesBuildPhase section */

/* Begin PBXSourcesBuildPhase section */
		6C9423D5265418DB001C6B9B /* Sources */ = {
			isa = PBXSourcesBuildPhase;
			buildActionMask = 2147483647;
			files = (
				6C9423E1265418DB001C6B9B /* ViewController.swift in Sources */,
				6C94240D26541F53001C6B9B /* ForTextViewController.swift in Sources */,
				6C9423DD265418DB001C6B9B /* AppDelegate.swift in Sources */,
				6C9423DF265418DB001C6B9B /* SceneDelegate.swift in Sources */,
			);
			runOnlyForDeploymentPostprocessing = 0;
		};
		6C9423EB265418E2001C6B9B /* Sources */ = {
			isa = PBXSourcesBuildPhase;
			buildActionMask = 2147483647;
			files = (
				6C9423F4265418E2001C6B9B /* Module9_HWTests.swift in Sources */,
			);
			runOnlyForDeploymentPostprocessing = 0;
		};
		6C9423F6265418E2001C6B9B /* Sources */ = {
			isa = PBXSourcesBuildPhase;
			buildActionMask = 2147483647;
			files = (
				6C9423FF265418E2001C6B9B /* Module9_HWUITests.swift in Sources */,
			);
			runOnlyForDeploymentPostprocessing = 0;
		};
/* End PBXSourcesBuildPhase section */

/* Begin PBXTargetDependency section */
		6C9423F1265418E2001C6B9B /* PBXTargetDependency */ = {
			isa = PBXTargetDependency;
			target = 6C9423D8265418DB001C6B9B /* Module9-HW */;
			targetProxy = 6C9423F0265418E2001C6B9B /* PBXContainerItemProxy */;
		};
		6C9423FC265418E2001C6B9B /* PBXTargetDependency */ = {
			isa = PBXTargetDependency;
			target = 6C9423D8265418DB001C6B9B /* Module9-HW */;
			targetProxy = 6C9423FB265418E2001C6B9B /* PBXContainerItemProxy */;
		};
/* End PBXTargetDependency section */

/* Begin PBXVariantGroup section */
		6C9423E2265418DB001C6B9B /* Main.storyboard */ = {
			isa = PBXVariantGroup;
			children = (
				6C9423E3265418DB001C6B9B /* Base */,
			);
			name = Main.storyboard;
			sourceTree = "<group>";
		};
		6C9423E7265418E1001C6B9B /* LaunchScreen.storyboard */ = {
			isa = PBXVariantGroup;
			children = (
				6C9423E8265418E1001C6B9B /* Base */,
			);
			name = LaunchScreen.storyboard;
			sourceTree = "<group>";
		};
/* End PBXVariantGroup section */

/* Begin XCBuildConfiguration section */
		6C942401265418E2001C6B9B /* Debug */ = {
			isa = XCBuildConfiguration;
			buildSettings = {
				ALWAYS_SEARCH_USER_PATHS = NO;
				CLANG_ANALYZER_NONNULL = YES;
				CLANG_ANALYZER_NUMBER_OBJECT_CONVERSION = YES_AGGRESSIVE;
				CLANG_CXX_LANGUAGE_STANDARD = "gnu++14";
				CLANG_CXX_LIBRARY = "libc++";
				CLANG_ENABLE_MODULES = YES;
				CLANG_ENABLE_OBJC_ARC = YES;
				CLANG_ENABLE_OBJC_WEAK = YES;
				CLANG_WARN_BLOCK_CAPTURE_AUTORELEASING = YES;
				CLANG_WARN_BOOL_CONVERSION = YES;
				CLANG_WARN_COMMA = YES;
				CLANG_WARN_CONSTANT_CONVERSION = YES;
				CLANG_WARN_DEPRECATED_OBJC_IMPLEMENTATIONS = YES;
				CLANG_WARN_DIRECT_OBJC_ISA_USAGE = YES_ERROR;
				CLANG_WARN_DOCUMENTATION_COMMENTS = YES;
				CLANG_WARN_EMPTY_BODY = YES;
				CLANG_WARN_ENUM_CONVERSION = YES;
				CLANG_WARN_INFINITE_RECURSION = YES;
				CLANG_WARN_INT_CONVERSION = YES;
				CLANG_WARN_NON_LITERAL_NULL_CONVERSION = YES;
				CLANG_WARN_OBJC_IMPLICIT_RETAIN_SELF = YES;
				CLANG_WARN_OBJC_LITERAL_CONVERSION = YES;
				CLANG_WARN_OBJC_ROOT_CLASS = YES_ERROR;
				CLANG_WARN_QUOTED_INCLUDE_IN_FRAMEWORK_HEADER = YES;
				CLANG_WARN_RANGE_LOOP_ANALYSIS = YES;
				CLANG_WARN_STRICT_PROTOTYPES = YES;
				CLANG_WARN_SUSPICIOUS_MOVE = YES;
				CLANG_WARN_UNGUARDED_AVAILABILITY = YES_AGGRESSIVE;
				CLANG_WARN_UNREACHABLE_CODE = YES;
				CLANG_WARN__DUPLICATE_METHOD_MATCH = YES;
				COPY_PHASE_STRIP = NO;
				DEBUG_INFORMATION_FORMAT = dwarf;
				ENABLE_STRICT_OBJC_MSGSEND = YES;
				ENABLE_TESTABILITY = YES;
				GCC_C_LANGUAGE_STANDARD = gnu11;
				GCC_DYNAMIC_NO_PIC = NO;
				GCC_NO_COMMON_BLOCKS = YES;
				GCC_OPTIMIZATION_LEVEL = 0;
				GCC_PREPROCESSOR_DEFINITIONS = (
					"DEBUG=1",
					"$(inherited)",
				);
				GCC_WARN_64_TO_32_BIT_CONVERSION = YES;
				GCC_WARN_ABOUT_RETURN_TYPE = YES_ERROR;
				GCC_WARN_UNDECLARED_SELECTOR = YES;
				GCC_WARN_UNINITIALIZED_AUTOS = YES_AGGRESSIVE;
				GCC_WARN_UNUSED_FUNCTION = YES;
				GCC_WARN_UNUSED_VARIABLE = YES;
				IPHONEOS_DEPLOYMENT_TARGET = 14.5;
				MTL_ENABLE_DEBUG_INFO = INCLUDE_SOURCE;
				MTL_FAST_MATH = YES;
				ONLY_ACTIVE_ARCH = YES;
				SDKROOT = iphoneos;
				SWIFT_ACTIVE_COMPILATION_CONDITIONS = DEBUG;
				SWIFT_OPTIMIZATION_LEVEL = "-Onone";
			};
			name = Debug;
		};
		6C942402265418E2001C6B9B /* Release */ = {
			isa = XCBuildConfiguration;
			buildSettings = {
				ALWAYS_SEARCH_USER_PATHS = NO;
				CLANG_ANALYZER_NONNULL = YES;
				CLANG_ANALYZER_NUMBER_OBJECT_CONVERSION = YES_AGGRESSIVE;
				CLANG_CXX_LANGUAGE_STANDARD = "gnu++14";
				CLANG_CXX_LIBRARY = "libc++";
				CLANG_ENABLE_MODULES = YES;
				CLANG_ENABLE_OBJC_ARC = YES;
				CLANG_ENABLE_OBJC_WEAK = YES;
				CLANG_WARN_BLOCK_CAPTURE_AUTORELEASING = YES;
				CLANG_WARN_BOOL_CONVERSION = YES;
				CLANG_WARN_COMMA = YES;
				CLANG_WARN_CONSTANT_CONVERSION = YES;
				CLANG_WARN_DEPRECATED_OBJC_IMPLEMENTATIONS = YES;
				CLANG_WARN_DIRECT_OBJC_ISA_USAGE = YES_ERROR;
				CLANG_WARN_DOCUMENTATION_COMMENTS = YES;
				CLANG_WARN_EMPTY_BODY = YES;
				CLANG_WARN_ENUM_CONVERSION = YES;
				CLANG_WARN_INFINITE_RECURSION = YES;
				CLANG_WARN_INT_CONVERSION = YES;
				CLANG_WARN_NON_LITERAL_NULL_CONVERSION = YES;
				CLANG_WARN_OBJC_IMPLICIT_RETAIN_SELF = YES;
				CLANG_WARN_OBJC_LITERAL_CONVERSION = YES;
				CLANG_WARN_OBJC_ROOT_CLASS = YES_ERROR;
				CLANG_WARN_QUOTED_INCLUDE_IN_FRAMEWORK_HEADER = YES;
				CLANG_WARN_RANGE_LOOP_ANALYSIS = YES;
				CLANG_WARN_STRICT_PROTOTYPES = YES;
				CLANG_WARN_SUSPICIOUS_MOVE = YES;
				CLANG_WARN_UNGUARDED_AVAILABILITY = YES_AGGRESSIVE;
				CLANG_WARN_UNREACHABLE_CODE = YES;
				CLANG_WARN__DUPLICATE_METHOD_MATCH = YES;
				COPY_PHASE_STRIP = NO;
				DEBUG_INFORMATION_FORMAT = "dwarf-with-dsym";
				ENABLE_NS_ASSERTIONS = NO;
				ENABLE_STRICT_OBJC_MSGSEND = YES;
				GCC_C_LANGUAGE_STANDARD = gnu11;
				GCC_NO_COMMON_BLOCKS = YES;
				GCC_WARN_64_TO_32_BIT_CONVERSION = YES;
				GCC_WARN_ABOUT_RETURN_TYPE = YES_ERROR;
				GCC_WARN_UNDECLARED_SELECTOR = YES;
				GCC_WARN_UNINITIALIZED_AUTOS = YES_AGGRESSIVE;
				GCC_WARN_UNUSED_FUNCTION = YES;
				GCC_WARN_UNUSED_VARIABLE = YES;
				IPHONEOS_DEPLOYMENT_TARGET = 14.5;
				MTL_ENABLE_DEBUG_INFO = NO;
				MTL_FAST_MATH = YES;
				SDKROOT = iphoneos;
				SWIFT_COMPILATION_MODE = wholemodule;
				SWIFT_OPTIMIZATION_LEVEL = "-O";
				VALIDATE_PRODUCT = YES;
			};
			name = Release;
		};
		6C942404265418E2001C6B9B /* Debug */ = {
			isa = XCBuildConfiguration;
			buildSettings = {
				ASSETCATALOG_COMPILER_APPICON_NAME = AppIcon;
				ASSETCATALOG_COMPILER_GLOBAL_ACCENT_COLOR_NAME = AccentColor;
				CODE_SIGN_STYLE = Automatic;
				DEVELOPMENT_TEAM = 775VFUW2T5;
				INFOPLIST_FILE = "Module9-HW/Info.plist";
				LD_RUNPATH_SEARCH_PATHS = (
					"$(inherited)",
					"@executable_path/Frameworks",
				);
				PRODUCT_BUNDLE_IDENTIFIER = com.maxd;
				PRODUCT_NAME = "$(TARGET_NAME)";
				SWIFT_VERSION = 5.0;
				TARGETED_DEVICE_FAMILY = "1,2";
			};
			name = Debug;
		};
		6C942405265418E2001C6B9B /* Release */ = {
			isa = XCBuildConfiguration;
			buildSettings = {
				ASSETCATALOG_COMPILER_APPICON_NAME = AppIcon;
				ASSETCATALOG_COMPILER_GLOBAL_ACCENT_COLOR_NAME = AccentColor;
				CODE_SIGN_STYLE = Automatic;
				DEVELOPMENT_TEAM = 775VFUW2T5;
				INFOPLIST_FILE = "Module9-HW/Info.plist";
				LD_RUNPATH_SEARCH_PATHS = (
					"$(inherited)",
					"@executable_path/Frameworks",
				);
				PRODUCT_BUNDLE_IDENTIFIER = com.maxd;
				PRODUCT_NAME = "$(TARGET_NAME)";
				SWIFT_VERSION = 5.0;
				TARGETED_DEVICE_FAMILY = "1,2";
			};
			name = Release;
		};
		6C942407265418E2001C6B9B /* Debug */ = {
			isa = XCBuildConfiguration;
			buildSettings = {
				ALWAYS_EMBED_SWIFT_STANDARD_LIBRARIES = YES;
				BUNDLE_LOADER = "$(TEST_HOST)";
				CODE_SIGN_STYLE = Automatic;
				DEVELOPMENT_TEAM = 775VFUW2T5;
				INFOPLIST_FILE = "Module9-HWTests/Info.plist";
				IPHONEOS_DEPLOYMENT_TARGET = 14.5;
				LD_RUNPATH_SEARCH_PATHS = (
					"$(inherited)",
					"@executable_path/Frameworks",
					"@loader_path/Frameworks",
				);
				PRODUCT_BUNDLE_IDENTIFIER = "com.maxd.Module9-HWTests";
				PRODUCT_NAME = "$(TARGET_NAME)";
				SWIFT_VERSION = 5.0;
				TARGETED_DEVICE_FAMILY = "1,2";
				TEST_HOST = "$(BUILT_PRODUCTS_DIR)/Module9-HW.app/Module9-HW";
			};
			name = Debug;
		};
		6C942408265418E2001C6B9B /* Release */ = {
			isa = XCBuildConfiguration;
			buildSettings = {
				ALWAYS_EMBED_SWIFT_STANDARD_LIBRARIES = YES;
				BUNDLE_LOADER = "$(TEST_HOST)";
				CODE_SIGN_STYLE = Automatic;
				DEVELOPMENT_TEAM = 775VFUW2T5;
				INFOPLIST_FILE = "Module9-HWTests/Info.plist";
				IPHONEOS_DEPLOYMENT_TARGET = 14.5;
				LD_RUNPATH_SEARCH_PATHS = (
					"$(inherited)",
					"@executable_path/Frameworks",
					"@loader_path/Frameworks",
				);
				PRODUCT_BUNDLE_IDENTIFIER = "com.maxd.Module9-HWTests";
				PRODUCT_NAME = "$(TARGET_NAME)";
				SWIFT_VERSION = 5.0;
				TARGETED_DEVICE_FAMILY = "1,2";
				TEST_HOST = "$(BUILT_PRODUCTS_DIR)/Module9-HW.app/Module9-HW";
			};
			name = Release;
		};
		6C94240A265418E2001C6B9B /* Debug */ = {
			isa = XCBuildConfiguration;
			buildSettings = {
				ALWAYS_EMBED_SWIFT_STANDARD_LIBRARIES = YES;
				CODE_SIGN_STYLE = Automatic;
				DEVELOPMENT_TEAM = 775VFUW2T5;
				INFOPLIST_FILE = "Module9-HWUITests/Info.plist";
				LD_RUNPATH_SEARCH_PATHS = (
					"$(inherited)",
					"@executable_path/Frameworks",
					"@loader_path/Frameworks",
				);
				PRODUCT_BUNDLE_IDENTIFIER = "com.maxd.Module9-HWUITests";
				PRODUCT_NAME = "$(TARGET_NAME)";
				SWIFT_VERSION = 5.0;
				TARGETED_DEVICE_FAMILY = "1,2";
				TEST_TARGET_NAME = "Module9-HW";
			};
			name = Debug;
		};
		6C94240B265418E2001C6B9B /* Release */ = {
			isa = XCBuildConfiguration;
			buildSettings = {
				ALWAYS_EMBED_SWIFT_STANDARD_LIBRARIES = YES;
				CODE_SIGN_STYLE = Automatic;
				DEVELOPMENT_TEAM = 775VFUW2T5;
				INFOPLIST_FILE = "Module9-HWUITests/Info.plist";
				LD_RUNPATH_SEARCH_PATHS = (
					"$(inherited)",
					"@executable_path/Frameworks",
					"@loader_path/Frameworks",
				);
				PRODUCT_BUNDLE_IDENTIFIER = "com.maxd.Module9-HWUITests";
				PRODUCT_NAME = "$(TARGET_NAME)";
				SWIFT_VERSION = 5.0;
				TARGETED_DEVICE_FAMILY = "1,2";
				TEST_TARGET_NAME = "Module9-HW";
			};
			name = Release;
		};
/* End XCBuildConfiguration section */

/* Begin XCConfigurationList section */
		6C9423D4265418DB001C6B9B /* Build configuration list for PBXProject "Module9-HW" */ = {
			isa = XCConfigurationList;
			buildConfigurations = (
				6C942401265418E2001C6B9B /* Debug */,
				6C942402265418E2001C6B9B /* Release */,
			);
			defaultConfigurationIsVisible = 0;
			defaultConfigurationName = Release;
		};
		6C942403265418E2001C6B9B /* Build configuration list for PBXNativeTarget "Module9-HW" */ = {
			isa = XCConfigurationList;
			buildConfigurations = (
				6C942404265418E2001C6B9B /* Debug */,
				6C942405265418E2001C6B9B /* Release */,
			);
			defaultConfigurationIsVisible = 0;
			defaultConfigurationName = Release;
		};
		6C942406265418E2001C6B9B /* Build configuration list for PBXNativeTarget "Module9-HWTests" */ = {
			isa = XCConfigurationList;
			buildConfigurations = (
				6C942407265418E2001C6B9B /* Debug */,
				6C942408265418E2001C6B9B /* Release */,
			);
			defaultConfigurationIsVisible = 0;
			defaultConfigurationName = Release;
		};
		6C942409265418E2001C6B9B /* Build configuration list for PBXNativeTarget "Module9-HWUITests" */ = {
			isa = XCConfigurationList;
			buildConfigurations = (
				6C94240A265418E2001C6B9B /* Debug */,
				6C94240B265418E2001C6B9B /* Release */,
			);
			defaultConfigurationIsVisible = 0;
			defaultConfigurationName = Release;
		};
/* End XCConfigurationList section */
	};
	rootObject = 6C9423D1265418DB001C6B9B /* Project object */;
}
